
Microsoft Visual Studio Solution File, Format Version 12.00
# Visual Studio Version 17
VisualStudioVersion = 17.8.34309.116
MinimumVisualStudioVersion = 10.0.40219.1
Project("{FAE04EC0-301F-11D3-BF4B-00C04F79EFBC}") = "CA2-OOP", "CA2-OOP\CA2-OOP.csproj", "{C11F2D59-C9CC-4E41-A98A-C7C6F1CE8E0B}"
EndProject
Global
	GlobalSection(SolutionConfigurationPlatforms) = preSolution
		Debug|Any CPU = Debug|Any CPU
		Release|Any CPU = Release|Any CPU
	EndGlobalSection
	GlobalSection(ProjectConfigurationPlatforms) = postSolution
		{C11F2D59-C9CC-4E41-A98A-C7C6F1CE8E0B}.Debug|Any CPU.ActiveCfg = Debug|Any CPU
		{C11F2D59-C9CC-4E41-A98A-C7C6F1CE8E0B}.Debug|Any CPU.Build.0 = Debug|Any CPU
		{C11F2D59-C9CC-4E41-A98A-C7C6F1CE8E0B}.Release|Any CPU.ActiveCfg = Release|Any CPU
		{C11F2D59-C9CC-4E41-A98A-C7C6F1CE8E0B}.Release|Any CPU.Build.0 = Release|Any CPU
	EndGlobalSection
	GlobalSection(SolutionProperties) = preSolution
		HideSolutionNode = FALSE
	EndGlobalSection
	GlobalSection(ExtensibilityGlobals) = postSolution
		SolutionGuid = {B52E9782-3722-4C77-942C-C231BF116212}
	EndGlobalSection
EndGlobal
